
Microsoft Visual Studio Solution File, Format Version 12.00
# Visual Studio 15
VisualStudioVersion = 15.0.27703.2035
MinimumVisualStudioVersion = 10.0.40219.1
Project("{9A19103F-16F7-4668-BE54-9A1E7A4F7556}") = "My.FederatedGateway", "My.FederatedGateway\My.FederatedGateway.csproj", "{F4D17471-F88E-452C-8549-4D2C2920249A}"
EndProject
Project("{9A19103F-16F7-4668-BE54-9A1E7A4F7556}") = "IdentityServer4Demo", "IdentityServer4Demo\IdentityServer4Demo.csproj", "{0A90F10B-C0EE-4C1D-9B9F-1E845B1937CF}"
EndProject
Global
	GlobalSection(SolutionConfigurationPlatforms) = preSolution
		Debug|Any CPU = Debug|Any CPU
		Release|Any CPU = Release|Any CPU
	EndGlobalSection
	GlobalSection(ProjectConfigurationPlatforms) = postSolution
		{F4D17471-F88E-452C-8549-4D2C2920249A}.Debug|Any CPU.ActiveCfg = Debug|Any CPU
		{F4D17471-F88E-452C-8549-4D2C2920249A}.Debug|Any CPU.Build.0 = Debug|Any CPU
		{F4D17471-F88E-452C-8549-4D2C2920249A}.Release|Any CPU.ActiveCfg = Release|Any CPU
		{F4D17471-F88E-452C-8549-4D2C2920249A}.Release|Any CPU.Build.0 = Release|Any CPU
		{0A90F10B-C0EE-4C1D-9B9F-1E845B1937CF}.Debug|Any CPU.ActiveCfg = Debug|Any CPU
		{0A90F10B-C0EE-4C1D-9B9F-1E845B1937CF}.Debug|Any CPU.Build.0 = Debug|Any CPU
		{0A90F10B-C0EE-4C1D-9B9F-1E845B1937CF}.Release|Any CPU.ActiveCfg = Release|Any CPU
		{0A90F10B-C0EE-4C1D-9B9F-1E845B1937CF}.Release|Any CPU.Build.0 = Release|Any CPU
	EndGlobalSection
	GlobalSection(SolutionProperties) = preSolution
		HideSolutionNode = FALSE
	EndGlobalSection
	GlobalSection(ExtensibilityGlobals) = postSolution
		SolutionGuid = {F52068B1-6BFB-4771-A3CE-775490916D28}
	EndGlobalSection
EndGlobal
